
Microsoft Visual Studio Solution File, Format Version 12.00
# Visual Studio Version 16
VisualStudioVersion = 16.0.32228.343
MinimumVisualStudioVersion = 10.0.40219.1
Project("{FAE04EC0-301F-11D3-BF4B-00C04F79EFBC}") = "OnlineStudyHub.Web", "OnlineStudyHub.Web\OnlineStudyHub.Web.csproj", "{7218FC58-51EB-4347-954D-36468611DEFD}"
EndProject
Global
	GlobalSection(SolutionConfigurationPlatforms) = preSolution
		Debug|Any CPU = Debug|Any CPU
		Release|Any CPU = Release|Any CPU
	EndGlobalSection
	GlobalSection(ProjectConfigurationPlatforms) = postSolution
		{7218FC58-51EB-4347-954D-36468611DEFD}.Debug|Any CPU.ActiveCfg = Debug|Any CPU
		{7218FC58-51EB-4347-954D-36468611DEFD}.Debug|Any CPU.Build.0 = Debug|Any CPU
		{7218FC58-51EB-4347-954D-36468611DEFD}.Release|Any CPU.ActiveCfg = Release|Any CPU
		{7218FC58-51EB-4347-954D-36468611DEFD}.Release|Any CPU.Build.0 = Release|Any CPU
	EndGlobalSection
	GlobalSection(SolutionProperties) = preSolution
		HideSolutionNode = FALSE
	EndGlobalSection
	GlobalSection(ExtensibilityGlobals) = postSolution
		SolutionGuid = {516569E0-FB28-49CE-929C-C3D3B57022CE}
	EndGlobalSection
EndGlobal
